
Microsoft Visual Studio Solution File, Format Version 12.00
# Visual Studio 2012
Project("{FAE04EC0-301F-11D3-BF4B-00C04F79EFBC}") = "ForIterations", "ForIterations\ForIterations.csproj", "{F8DDB2D0-0C92-4DC4-BDFF-588C722EC508}"
EndProject
Global
	GlobalSection(SolutionConfigurationPlatforms) = preSolution
		Debug|x86 = Debug|x86
		Release|x86 = Release|x86
	EndGlobalSection
	GlobalSection(ProjectConfigurationPlatforms) = postSolution
		{F8DDB2D0-0C92-4DC4-BDFF-588C722EC508}.Debug|x86.ActiveCfg = Debug|x86
		{F8DDB2D0-0C92-4DC4-BDFF-588C722EC508}.Debug|x86.Build.0 = Debug|x86
		{F8DDB2D0-0C92-4DC4-BDFF-588C722EC508}.Release|x86.ActiveCfg = Release|x86
		{F8DDB2D0-0C92-4DC4-BDFF-588C722EC508}.Release|x86.Build.0 = Release|x86
	EndGlobalSection
EndGlobal
